
Microsoft Visual Studio Solution File, Format Version 12.00
# Visual Studio Version 17
VisualStudioVersion = 17.13.35825.156
MinimumVisualStudioVersion = 10.0.40219.1
Project("{FAE04EC0-301F-11D3-BF4B-00C04F79EFBC}") = "Client", "Client\Client.csproj", "{264ED6B2-82AA-473F-9235-2DB3FC1287F8}"
EndProject
Project("{2150E333-8FDC-42A3-9474-1A3956D46DE8}") = "方案項目", "方案項目", "{8DDC4786-5FC8-F15C-1CA5-9F41FD4BEB75}"
	ProjectSection(SolutionItems) = preProject
		Database.sql = Database.sql
	EndProjectSection
EndProject
Global
	GlobalSection(SolutionConfigurationPlatforms) = preSolution
		Debug|Any CPU = Debug|Any CPU
		Release|Any CPU = Release|Any CPU
	EndGlobalSection
	GlobalSection(ProjectConfigurationPlatforms) = postSolution
		{264ED6B2-82AA-473F-9235-2DB3FC1287F8}.Debug|Any CPU.ActiveCfg = Debug|Any CPU
		{264ED6B2-82AA-473F-9235-2DB3FC1287F8}.Debug|Any CPU.Build.0 = Debug|Any CPU
		{264ED6B2-82AA-473F-9235-2DB3FC1287F8}.Release|Any CPU.ActiveCfg = Release|Any CPU
		{264ED6B2-82AA-473F-9235-2DB3FC1287F8}.Release|Any CPU.Build.0 = Release|Any CPU
	EndGlobalSection
	GlobalSection(SolutionProperties) = preSolution
		HideSolutionNode = FALSE
	EndGlobalSection
	GlobalSection(ExtensibilityGlobals) = postSolution
		SolutionGuid = {8C63DF76-9C62-4B42-BBB6-7AAE149061B2}
	EndGlobalSection
EndGlobal
